// !$*UTF8*$!
{
	archiveVersion = 1;
	classes = {
	};
	objectVersion = 50;
	objects = {

/* Begin PBXBuildFile section */
		D0E82522230BEA4F00B4738E /* main.swift in Sources */ = {isa = PBXBuildFile; fileRef = D0E82521230BEA4F00B4738E /* main.swift */; };
		D0E82529230BEE2100B4738E /* BinaryObserver.swift in Sources */ = {isa = PBXBuildFile; fileRef = D0E82528230BEE2100B4738E /* BinaryObserver.swift */; };
		D0E8252B230BEE4000B4738E /* HexaObserver.swift in Sources */ = {isa = PBXBuildFile; fileRef = D0E8252A230BEE4000B4738E /* HexaObserver.swift */; };
		D0E8252D230BEE5400B4738E /* Observer.swift in Sources */ = {isa = PBXBuildFile; fileRef = D0E8252C230BEE5400B4738E /* Observer.swift */; };
		D0E8252F230BEE9000B4738E /* OctalObserver.swift in Sources */ = {isa = PBXBuildFile; fileRef = D0E8252E230BEE9000B4738E /* OctalObserver.swift */; };
		D0E82531230BEEDD00B4738E /* Subject.swift in Sources */ = {isa = PBXBuildFile; fileRef = D0E82530230BEEDD00B4738E /* Subject.swift */; };
/* End PBXBuildFile section */

/* Begin PBXCopyFilesBuildPhase section */
		D0E8251C230BEA4F00B4738E /* CopyFiles */ = {
			isa = PBXCopyFilesBuildPhase;
			buildActionMask = 2147483647;
			dstPath = /usr/share/man/man1/;
			dstSubfolderSpec = 0;
			files = (
			);
			runOnlyForDeploymentPostprocessing = 1;
		};
/* End PBXCopyFilesBuildPhase section */

/* Begin PBXFileReference section */
		D0E8251E230BEA4F00B4738E /* ObserverPattern */ = {isa = PBXFileReference; explicitFileType = "compiled.mach-o.executable"; includeInIndex = 0; path = ObserverPattern; sourceTree = BUILT_PRODUCTS_DIR; };
		D0E82521230BEA4F00B4738E /* main.swift */ = {isa = PBXFileReference; lastKnownFileType = sourcecode.swift; path = main.swift; sourceTree = "<group>"; };
		D0E82528230BEE2100B4738E /* BinaryObserver.swift */ = {isa = PBXFileReference; lastKnownFileType = sourcecode.swift; path = BinaryObserver.swift; sourceTree = "<group>"; };
		D0E8252A230BEE4000B4738E /* HexaObserver.swift */ = {isa = PBXFileReference; lastKnownFileType = sourcecode.swift; path = HexaObserver.swift; sourceTree = "<group>"; };
		D0E8252C230BEE5400B4738E /* Observer.swift */ = {isa = PBXFileReference; lastKnownFileType = sourcecode.swift; path = Observer.swift; sourceTree = "<group>"; };
		D0E8252E230BEE9000B4738E /* OctalObserver.swift */ = {isa = PBXFileReference; lastKnownFileType = sourcecode.swift; path = OctalObserver.swift; sourceTree = "<group>"; };
		D0E82530230BEEDD00B4738E /* Subject.swift */ = {isa = PBXFileReference; lastKnownFileType = sourcecode.swift; path = Subject.swift; sourceTree = "<group>"; };
/* End PBXFileReference section */

/* Begin PBXFrameworksBuildPhase section */
		D0E8251B230BEA4F00B4738E /* Frameworks */ = {
			isa = PBXFrameworksBuildPhase;
			buildActionMask = 2147483647;
			files = (
			);
			runOnlyForDeploymentPostprocessing = 0;
		};
/* End PBXFrameworksBuildPhase section */

/* Begin PBXGroup section */
		D0E82515230BEA4F00B4738E = {
			isa = PBXGroup;
			children = (
				D0E82520230BEA4F00B4738E /* ObserverPattern */,
				D0E8251F230BEA4F00B4738E /* Products */,
			);
			sourceTree = "<group>";
		};
		D0E8251F230BEA4F00B4738E /* Products */ = {
			isa = PBXGroup;
			children = (
				D0E8251E230BEA4F00B4738E /* ObserverPattern */,
			);
			name = Products;
			sourceTree = "<group>";
		};
		D0E82520230BEA4F00B4738E /* ObserverPattern */ = {
			isa = PBXGroup;
			children = (
				D0E82521230BEA4F00B4738E /* main.swift */,
				D0E82530230BEEDD00B4738E /* Subject.swift */,
				D0E82528230BEE2100B4738E /* BinaryObserver.swift */,
				D0E8252A230BEE4000B4738E /* HexaObserver.swift */,
				D0E8252C230BEE5400B4738E /* Observer.swift */,
				D0E8252E230BEE9000B4738E /* OctalObserver.swift */,
			);
			path = ObserverPattern;
			sourceTree = "<group>";
		};
/* End PBXGroup section */

/* Begin PBXNativeTarget section */
		D0E8251D230BEA4F00B4738E /* ObserverPattern */ = {
			isa = PBXNativeTarget;
			buildConfigurationList = D0E82525230BEA4F00B4738E /* Build configuration list for PBXNativeTarget "ObserverPattern" */;
			buildPhases = (
				D0E8251A230BEA4F00B4738E /* Sources */,
				D0E8251B230BEA4F00B4738E /* Frameworks */,
				D0E8251C230BEA4F00B4738E /* CopyFiles */,
			);
			buildRules = (
			);
			dependencies = (
			);
			name = ObserverPattern;
			productName = OpserverPattern;
			productReference = D0E8251E230BEA4F00B4738E /* ObserverPattern */;
			productType = "com.apple.product-type.tool";
		};
/* End PBXNativeTarget section */

/* Begin PBXProject section */
		D0E82516230BEA4F00B4738E /* Project object */ = {
			isa = PBXProject;
			attributes = {
				LastSwiftUpdateCheck = 1030;
				LastUpgradeCheck = 1030;
				ORGANIZATIONNAME = "Youxel Maged Mohammed";
				TargetAttributes = {
					D0E8251D230BEA4F00B4738E = {
						CreatedOnToolsVersion = 10.3;
					};
				};
			};
			buildConfigurationList = D0E82519230BEA4F00B4738E /* Build configuration list for PBXProject "ObserverPattern" */;
			compatibilityVersion = "Xcode 9.3";
			developmentRegion = en;
			hasScannedForEncodings = 0;
			knownRegions = (
				en,
			);
			mainGroup = D0E82515230BEA4F00B4738E;
			productRefGroup = D0E8251F230BEA4F00B4738E /* Products */;
			projectDirPath = "";
			projectRoot = "";
			targets = (
				D0E8251D230BEA4F00B4738E /* ObserverPattern */,
			);
		};
/* End PBXProject section */

/* Begin PBXSourcesBuildPhase section */
		D0E8251A230BEA4F00B4738E /* Sources */ = {
			isa = PBXSourcesBuildPhase;
			buildActionMask = 2147483647;
			files = (
				D0E82529230BEE2100B4738E /* BinaryObserver.swift in Sources */,
				D0E8252F230BEE9000B4738E /* OctalObserver.swift in Sources */,
				D0E8252D230BEE5400B4738E /* Observer.swift in Sources */,
				D0E82522230BEA4F00B4738E /* main.swift in Sources */,
				D0E82531230BEEDD00B4738E /* Subject.swift in Sources */,
				D0E8252B230BEE4000B4738E /* HexaObserver.swift in Sources */,
			);
			runOnlyForDeploymentPostprocessing = 0;
		};
/* End PBXSourcesBuildPhase section */

/* Begin XCBuildConfiguration section */
		D0E82523230BEA4F00B4738E /* Debug */ = {
			isa = XCBuildConfiguration;
			buildSettings = {
				ALWAYS_SEARCH_USER_PATHS = NO;
				CLANG_ANALYZER_NONNULL = YES;
				CLANG_ANALYZER_NUMBER_OBJECT_CONVERSION = YES_AGGRESSIVE;
				CLANG_CXX_LANGUAGE_STANDARD = "gnu++14";
				CLANG_CXX_LIBRARY = "libc++";
				CLANG_ENABLE_MODULES = YES;
				CLANG_ENABLE_OBJC_ARC = YES;
				CLANG_ENABLE_OBJC_WEAK = YES;
				CLANG_WARN_BLOCK_CAPTURE_AUTORELEASING = YES;
				CLANG_WARN_BOOL_CONVERSION = YES;
				CLANG_WARN_COMMA = YES;
				CLANG_WARN_CONSTANT_CONVERSION = YES;
				CLANG_WARN_DEPRECATED_OBJC_IMPLEMENTATIONS = YES;
				CLANG_WARN_DIRECT_OBJC_ISA_USAGE = YES_ERROR;
				CLANG_WARN_DOCUMENTATION_COMMENTS = YES;
				CLANG_WARN_EMPTY_BODY = YES;
				CLANG_WARN_ENUM_CONVERSION = YES;
				CLANG_WARN_INFINITE_RECURSION = YES;
				CLANG_WARN_INT_CONVERSION = YES;
				CLANG_WARN_NON_LITERAL_NULL_CONVERSION = YES;
				CLANG_WARN_OBJC_IMPLICIT_RETAIN_SELF = YES;
				CLANG_WARN_OBJC_LITERAL_CONVERSION = YES;
				CLANG_WARN_OBJC_ROOT_CLASS = YES_ERROR;
				CLANG_WARN_RANGE_LOOP_ANALYSIS = YES;
				CLANG_WARN_STRICT_PROTOTYPES = YES;
				CLANG_WARN_SUSPICIOUS_MOVE = YES;
				CLANG_WARN_UNGUARDED_AVAILABILITY = YES_AGGRESSIVE;
				CLANG_WARN_UNREACHABLE_CODE = YES;
				CLANG_WARN__DUPLICATE_METHOD_MATCH = YES;
				CODE_SIGN_IDENTITY = "-";
				COPY_PHASE_STRIP = NO;
				DEBUG_INFORMATION_FORMAT = dwarf;
				ENABLE_STRICT_OBJC_MSGSEND = YES;
				ENABLE_TESTABILITY = YES;
				GCC_C_LANGUAGE_STANDARD = gnu11;
				GCC_DYNAMIC_NO_PIC = NO;
				GCC_NO_COMMON_BLOCKS = YES;
				GCC_OPTIMIZATION_LEVEL = 0;
				GCC_PREPROCESSOR_DEFINITIONS = (
					"DEBUG=1",
					"$(inherited)",
				);
				GCC_WARN_64_TO_32_BIT_CONVERSION = YES;
				GCC_WARN_ABOUT_RETURN_TYPE = YES_ERROR;
				GCC_WARN_UNDECLARED_SELECTOR = YES;
				GCC_WARN_UNINITIALIZED_AUTOS = YES_AGGRESSIVE;
				GCC_WARN_UNUSED_FUNCTION = YES;
				GCC_WARN_UNUSED_VARIABLE = YES;
				MACOSX_DEPLOYMENT_TARGET = 10.14;
				MTL_ENABLE_DEBUG_INFO = INCLUDE_SOURCE;
				MTL_FAST_MATH = YES;
				ONLY_ACTIVE_ARCH = YES;
				SDKROOT = macosx;
				SWIFT_ACTIVE_COMPILATION_CONDITIONS = DEBUG;
				SWIFT_OPTIMIZATION_LEVEL = "-Onone";
			};
			name = Debug;
		};
		D0E82524230BEA4F00B4738E /* Release */ = {
			isa = XCBuildConfiguration;
			buildSettings = {
				ALWAYS_SEARCH_USER_PATHS = NO;
				CLANG_ANALYZER_NONNULL = YES;
				CLANG_ANALYZER_NUMBER_OBJECT_CONVERSION = YES_AGGRESSIVE;
				CLANG_CXX_LANGUAGE_STANDARD = "gnu++14";
				CLANG_CXX_LIBRARY = "libc++";
				CLANG_ENABLE_MODULES = YES;
				CLANG_ENABLE_OBJC_ARC = YES;
				CLANG_ENABLE_OBJC_WEAK = YES;
				CLANG_WARN_BLOCK_CAPTURE_AUTORELEASING = YES;
				CLANG_WARN_BOOL_CONVERSION = YES;
				CLANG_WARN_COMMA = YES;
				CLANG_WARN_CONSTANT_CONVERSION = YES;
				CLANG_WARN_DEPRECATED_OBJC_IMPLEMENTATIONS = YES;
				CLANG_WARN_DIRECT_OBJC_ISA_USAGE = YES_ERROR;
				CLANG_WARN_DOCUMENTATION_COMMENTS = YES;
				CLANG_WARN_EMPTY_BODY = YES;
				CLANG_WARN_ENUM_CONVERSION = YES;
				CLANG_WARN_INFINITE_RECURSION = YES;
				CLANG_WARN_INT_CONVERSION = YES;
				CLANG_WARN_NON_LITERAL_NULL_CONVERSION = YES;
				CLANG_WARN_OBJC_IMPLICIT_RETAIN_SELF = YES;
				CLANG_WARN_OBJC_LITERAL_CONVERSION = YES;
				CLANG_WARN_OBJC_ROOT_CLASS = YES_ERROR;
				CLANG_WARN_RANGE_LOOP_ANALYSIS = YES;
				CLANG_WARN_STRICT_PROTOTYPES = YES;
				CLANG_WARN_SUSPICIOUS_MOVE = YES;
				CLANG_WARN_UNGUARDED_AVAILABILITY = YES_AGGRESSIVE;
				CLANG_WARN_UNREACHABLE_CODE = YES;
				CLANG_WARN__DUPLICATE_METHOD_MATCH = YES;
				CODE_SIGN_IDENTITY = "-";
				COPY_PHASE_STRIP = NO;
				DEBUG_INFORMATION_FORMAT = "dwarf-with-dsym";
				ENABLE_NS_ASSERTIONS = NO;
				ENABLE_STRICT_OBJC_MSGSEND = YES;
				GCC_C_LANGUAGE_STANDARD = gnu11;
				GCC_NO_COMMON_BLOCKS = YES;
				GCC_WARN_64_TO_32_BIT_CONVERSION = YES;
				GCC_WARN_ABOUT_RETURN_TYPE = YES_ERROR;
				GCC_WARN_UNDECLARED_SELECTOR = YES;
				GCC_WARN_UNINITIALIZED_AUTOS = YES_AGGRESSIVE;
				GCC_WARN_UNUSED_FUNCTION = YES;
				GCC_WARN_UNUSED_VARIABLE = YES;
				MACOSX_DEPLOYMENT_TARGET = 10.14;
				MTL_ENABLE_DEBUG_INFO = NO;
				MTL_FAST_MATH = YES;
				SDKROOT = macosx;
				SWIFT_COMPILATION_MODE = wholemodule;
				SWIFT_OPTIMIZATION_LEVEL = "-O";
			};
			name = Release;
		};
		D0E82526230BEA4F00B4738E /* Debug */ = {
			isa = XCBuildConfiguration;
			buildSettings = {
				CODE_SIGN_STYLE = Automatic;
				PRODUCT_NAME = "$(TARGET_NAME)";
				SWIFT_VERSION = 5.0;
			};
			name = Debug;
		};
		D0E82527230BEA4F00B4738E /* Release */ = {
			isa = XCBuildConfiguration;
			buildSettings = {
				CODE_SIGN_STYLE = Automatic;
				PRODUCT_NAME = "$(TARGET_NAME)";
				SWIFT_VERSION = 5.0;
			};
			name = Release;
		};
/* End XCBuildConfiguration section */

/* Begin XCConfigurationList section */
		D0E82519230BEA4F00B4738E /* Build configuration list for PBXProject "ObserverPattern" */ = {
			isa = XCConfigurationList;
			buildConfigurations = (
				D0E82523230BEA4F00B4738E /* Debug */,
				D0E82524230BEA4F00B4738E /* Release */,
			);
			defaultConfigurationIsVisible = 0;
			defaultConfigurationName = Release;
		};
		D0E82525230BEA4F00B4738E /* Build configuration list for PBXNativeTarget "ObserverPattern" */ = {
			isa = XCConfigurationList;
			buildConfigurations = (
				D0E82526230BEA4F00B4738E /* Debug */,
				D0E82527230BEA4F00B4738E /* Release */,
			);
			defaultConfigurationIsVisible = 0;
			defaultConfigurationName = Release;
		};
/* End XCConfigurationList section */
	};
	rootObject = D0E82516230BEA4F00B4738E /* Project object */;
}
